
Microsoft Visual Studio Solution File, Format Version 12.00
# Visual Studio Version 16
VisualStudioVersion = 16.0.33130.400
MinimumVisualStudioVersion = 10.0.40219.1
Project("{FAE04EC0-301F-11D3-BF4B-00C04F79EFBC}") = "KeyboardSharingServer", "KeyboardSharingServer\KeyboardSharingServer.csproj", "{AB9AA1D5-3610-4803-8B55-0A9C1D9DE07B}"
EndProject
Project("{FAE04EC0-301F-11D3-BF4B-00C04F79EFBC}") = "KeyboardSharingClient", "KeyboardSharingClient\KeyboardSharingClient.csproj", "{761B7E08-88FB-4DB6-844F-A90982A0C23C}"
EndProject
Global
	GlobalSection(SolutionConfigurationPlatforms) = preSolution
		Debug|Any CPU = Debug|Any CPU
		Release|Any CPU = Release|Any CPU
	EndGlobalSection
	GlobalSection(ProjectConfigurationPlatforms) = postSolution
		{AB9AA1D5-3610-4803-8B55-0A9C1D9DE07B}.Debug|Any CPU.ActiveCfg = Debug|Any CPU
		{AB9AA1D5-3610-4803-8B55-0A9C1D9DE07B}.Debug|Any CPU.Build.0 = Debug|Any CPU
		{AB9AA1D5-3610-4803-8B55-0A9C1D9DE07B}.Release|Any CPU.ActiveCfg = Release|Any CPU
		{AB9AA1D5-3610-4803-8B55-0A9C1D9DE07B}.Release|Any CPU.Build.0 = Release|Any CPU
		{761B7E08-88FB-4DB6-844F-A90982A0C23C}.Debug|Any CPU.ActiveCfg = Debug|Any CPU
		{761B7E08-88FB-4DB6-844F-A90982A0C23C}.Debug|Any CPU.Build.0 = Debug|Any CPU
		{761B7E08-88FB-4DB6-844F-A90982A0C23C}.Release|Any CPU.ActiveCfg = Release|Any CPU
		{761B7E08-88FB-4DB6-844F-A90982A0C23C}.Release|Any CPU.Build.0 = Release|Any CPU
	EndGlobalSection
	GlobalSection(SolutionProperties) = preSolution
		HideSolutionNode = FALSE
	EndGlobalSection
	GlobalSection(ExtensibilityGlobals) = postSolution
		SolutionGuid = {49D38BAE-5EE8-4131-AAC2-300FB4683138}
	EndGlobalSection
EndGlobal
